
Microsoft Visual Studio Solution File, Format Version 12.00
Project("{FAE04EC0-301F-11D3-BF4B-00C04F79EFBC}") = "Command", "Command\Command.csproj", "{B40BEDBD-F4EC-40F4-AC52-199A333C2145}"
EndProject
Project("{FAE04EC0-301F-11D3-BF4B-00C04F79EFBC}") = "EventAggregator", "EventAggregator\EventAggregator.csproj", "{DA4073E5-DE5E-4209-BE99-76F1D7709D9D}"
EndProject
Project("{FAE04EC0-301F-11D3-BF4B-00C04F79EFBC}") = "JsonSerializer", "JsonSerializer\JsonSerializer.csproj", "{DFC2EAF4-48CF-4E74-AD3A-AE17D4AC114B}"
EndProject
Project("{FAE04EC0-301F-11D3-BF4B-00C04F79EFBC}") = "Serializer", "Serializer\Serializer.csproj", "{869EF960-9DFF-4E50-8707-630EC32098AB}"
EndProject
Project("{FAE04EC0-301F-11D3-BF4B-00C04F79EFBC}") = "LinqExtension", "LinqExtension\LinqExtension.csproj", "{C2BA8A07-D93A-4934-AF08-1832CCDBD420}"
EndProject
Project("{FAE04EC0-301F-11D3-BF4B-00C04F79EFBC}") = "Logger", "Logger\Logger.csproj", "{6E816EA9-3C45-4AA6-A88A-08AE5F64524C}"
EndProject
Project("{FAE04EC0-301F-11D3-BF4B-00C04F79EFBC}") = "LoggerImpl", "LoggerImpl\LoggerImpl.csproj", "{A6B45AAE-4330-4DEB-9AB0-B0864A3241A9}"
EndProject
Project("{FAE04EC0-301F-11D3-BF4B-00C04F79EFBC}") = "Navigation", "Navigation\Navigation.csproj", "{55DC5FB2-D61F-4E18-ADCC-8FE250BBF97B}"
EndProject
Project("{FAE04EC0-301F-11D3-BF4B-00C04F79EFBC}") = "NavigationError", "NavigationError\NavigationError.csproj", "{52A2D758-ABCB-44AB-A126-B8EC6B91AFF9}"
EndProject
Project("{FAE04EC0-301F-11D3-BF4B-00C04F79EFBC}") = "NavigationModel", "NavigationModel\NavigationModel.csproj", "{4D540CE3-DE2B-4B00-804B-0D297D7385B1}"
EndProject
Project("{FAE04EC0-301F-11D3-BF4B-00C04F79EFBC}") = "NavigationImpl", "NavigationImpl\NavigationImpl.csproj", "{CD531CED-50AC-4A39-95BB-98C1BD061938}"
EndProject
Project("{FAE04EC0-301F-11D3-BF4B-00C04F79EFBC}") = "Container", "Container\Container.csproj", "{164D393B-57BF-464E-B0B2-5B024E20A158}"
EndProject
Project("{FAE04EC0-301F-11D3-BF4B-00C04F79EFBC}") = "NavigationAttribute", "NavigationAttribute\NavigationAttribute.csproj", "{92BDF44D-7120-4F40-BAC4-C151C2AA9C41}"
EndProject
Project("{FAE04EC0-301F-11D3-BF4B-00C04F79EFBC}") = "MapperProfile", "MapperProfile\MapperProfile.csproj", "{A1C99A5E-39A2-4C02-9E11-1EFF5E6987FB}"
EndProject
Project("{FAE04EC0-301F-11D3-BF4B-00C04F79EFBC}") = "ContainerImpl", "ContainerImpl\ContainerImpl.csproj", "{8C701A24-3C5C-4657-B2FE-28B922ECE5C2}"
EndProject
Project("{FAE04EC0-301F-11D3-BF4B-00C04F79EFBC}") = "ContainerError", "ContainerError\ContainerError.csproj", "{E0610382-5E0A-4785-AD4E-B8FB245829A1}"
EndProject
Project("{FAE04EC0-301F-11D3-BF4B-00C04F79EFBC}") = "ContainerAttributes", "ContainerAttributes\ContainerAttributes.csproj", "{FFBE5364-9046-413A-A247-1F511D41E201}"
EndProject
Project("{FAE04EC0-301F-11D3-BF4B-00C04F79EFBC}") = "ViewBinding", "ViewBinding\ViewBinding.csproj", "{EFCA523B-A93E-4AF2-87EB-D226E5438558}"
EndProject
Project("{FAE04EC0-301F-11D3-BF4B-00C04F79EFBC}") = "ViewBindingImpl", "ViewBindingImpl\ViewBindingImpl.csproj", "{5642CDC4-0983-4D0F-A272-49D354A42F3F}"
EndProject
Project("{FAE04EC0-301F-11D3-BF4B-00C04F79EFBC}") = "ViewBindingModel", "ViewBindingModel\ViewBindingModel.csproj", "{8F6E7225-1899-458B-9C7F-C47005ECBEDF}"
EndProject
Project("{FAE04EC0-301F-11D3-BF4B-00C04F79EFBC}") = "ViewBindingError", "ViewBindingError\ViewBindingError.csproj", "{2385A3E5-0B30-418D-B7C1-1B03273BB9DC}"
EndProject
Project("{FAE04EC0-301F-11D3-BF4B-00C04F79EFBC}") = "AssemblyLoader", "AssemblyLoader\AssemblyLoader.csproj", "{6F8E09EC-291E-474E-ADBB-4E08345A66CD}"
EndProject
Project("{FAE04EC0-301F-11D3-BF4B-00C04F79EFBC}") = "AssemblyLoaderModel", "AssemblyLoaderModel\AssemblyLoaderModel.csproj", "{96E97210-0219-4919-BEF4-8DA695A1B520}"
EndProject
Project("{FAE04EC0-301F-11D3-BF4B-00C04F79EFBC}") = "AssemblyLoaderImpl", "AssemblyLoaderImpl\AssemblyLoaderImpl.csproj", "{1B3A38CA-825C-4920-8E19-0E5E8C6D55BA}"
EndProject
Global
	GlobalSection(SolutionConfigurationPlatforms) = preSolution
		Debug|Any CPU = Debug|Any CPU
		Release|Any CPU = Release|Any CPU
	EndGlobalSection
	GlobalSection(ProjectConfigurationPlatforms) = postSolution
		{B40BEDBD-F4EC-40F4-AC52-199A333C2145}.Debug|Any CPU.ActiveCfg = Debug|Any CPU
		{B40BEDBD-F4EC-40F4-AC52-199A333C2145}.Debug|Any CPU.Build.0 = Debug|Any CPU
		{B40BEDBD-F4EC-40F4-AC52-199A333C2145}.Release|Any CPU.ActiveCfg = Release|Any CPU
		{B40BEDBD-F4EC-40F4-AC52-199A333C2145}.Release|Any CPU.Build.0 = Release|Any CPU
		{DA4073E5-DE5E-4209-BE99-76F1D7709D9D}.Debug|Any CPU.ActiveCfg = Debug|Any CPU
		{DA4073E5-DE5E-4209-BE99-76F1D7709D9D}.Debug|Any CPU.Build.0 = Debug|Any CPU
		{DA4073E5-DE5E-4209-BE99-76F1D7709D9D}.Release|Any CPU.ActiveCfg = Release|Any CPU
		{DA4073E5-DE5E-4209-BE99-76F1D7709D9D}.Release|Any CPU.Build.0 = Release|Any CPU
		{DFC2EAF4-48CF-4E74-AD3A-AE17D4AC114B}.Debug|Any CPU.ActiveCfg = Debug|Any CPU
		{DFC2EAF4-48CF-4E74-AD3A-AE17D4AC114B}.Debug|Any CPU.Build.0 = Debug|Any CPU
		{DFC2EAF4-48CF-4E74-AD3A-AE17D4AC114B}.Release|Any CPU.ActiveCfg = Release|Any CPU
		{DFC2EAF4-48CF-4E74-AD3A-AE17D4AC114B}.Release|Any CPU.Build.0 = Release|Any CPU
		{869EF960-9DFF-4E50-8707-630EC32098AB}.Debug|Any CPU.ActiveCfg = Debug|Any CPU
		{869EF960-9DFF-4E50-8707-630EC32098AB}.Debug|Any CPU.Build.0 = Debug|Any CPU
		{869EF960-9DFF-4E50-8707-630EC32098AB}.Release|Any CPU.ActiveCfg = Release|Any CPU
		{869EF960-9DFF-4E50-8707-630EC32098AB}.Release|Any CPU.Build.0 = Release|Any CPU
		{C2BA8A07-D93A-4934-AF08-1832CCDBD420}.Debug|Any CPU.ActiveCfg = Debug|Any CPU
		{C2BA8A07-D93A-4934-AF08-1832CCDBD420}.Debug|Any CPU.Build.0 = Debug|Any CPU
		{C2BA8A07-D93A-4934-AF08-1832CCDBD420}.Release|Any CPU.ActiveCfg = Release|Any CPU
		{C2BA8A07-D93A-4934-AF08-1832CCDBD420}.Release|Any CPU.Build.0 = Release|Any CPU
		{6E816EA9-3C45-4AA6-A88A-08AE5F64524C}.Debug|Any CPU.ActiveCfg = Debug|Any CPU
		{6E816EA9-3C45-4AA6-A88A-08AE5F64524C}.Debug|Any CPU.Build.0 = Debug|Any CPU
		{6E816EA9-3C45-4AA6-A88A-08AE5F64524C}.Release|Any CPU.ActiveCfg = Release|Any CPU
		{6E816EA9-3C45-4AA6-A88A-08AE5F64524C}.Release|Any CPU.Build.0 = Release|Any CPU
		{A6B45AAE-4330-4DEB-9AB0-B0864A3241A9}.Debug|Any CPU.ActiveCfg = Debug|Any CPU
		{A6B45AAE-4330-4DEB-9AB0-B0864A3241A9}.Debug|Any CPU.Build.0 = Debug|Any CPU
		{A6B45AAE-4330-4DEB-9AB0-B0864A3241A9}.Release|Any CPU.ActiveCfg = Release|Any CPU
		{A6B45AAE-4330-4DEB-9AB0-B0864A3241A9}.Release|Any CPU.Build.0 = Release|Any CPU
		{55DC5FB2-D61F-4E18-ADCC-8FE250BBF97B}.Debug|Any CPU.ActiveCfg = Debug|Any CPU
		{55DC5FB2-D61F-4E18-ADCC-8FE250BBF97B}.Debug|Any CPU.Build.0 = Debug|Any CPU
		{55DC5FB2-D61F-4E18-ADCC-8FE250BBF97B}.Release|Any CPU.ActiveCfg = Release|Any CPU
		{55DC5FB2-D61F-4E18-ADCC-8FE250BBF97B}.Release|Any CPU.Build.0 = Release|Any CPU
		{52A2D758-ABCB-44AB-A126-B8EC6B91AFF9}.Debug|Any CPU.ActiveCfg = Debug|Any CPU
		{52A2D758-ABCB-44AB-A126-B8EC6B91AFF9}.Debug|Any CPU.Build.0 = Debug|Any CPU
		{52A2D758-ABCB-44AB-A126-B8EC6B91AFF9}.Release|Any CPU.ActiveCfg = Release|Any CPU
		{52A2D758-ABCB-44AB-A126-B8EC6B91AFF9}.Release|Any CPU.Build.0 = Release|Any CPU
		{4D540CE3-DE2B-4B00-804B-0D297D7385B1}.Debug|Any CPU.ActiveCfg = Debug|Any CPU
		{4D540CE3-DE2B-4B00-804B-0D297D7385B1}.Debug|Any CPU.Build.0 = Debug|Any CPU
		{4D540CE3-DE2B-4B00-804B-0D297D7385B1}.Release|Any CPU.ActiveCfg = Release|Any CPU
		{4D540CE3-DE2B-4B00-804B-0D297D7385B1}.Release|Any CPU.Build.0 = Release|Any CPU
		{CD531CED-50AC-4A39-95BB-98C1BD061938}.Debug|Any CPU.ActiveCfg = Debug|Any CPU
		{CD531CED-50AC-4A39-95BB-98C1BD061938}.Debug|Any CPU.Build.0 = Debug|Any CPU
		{CD531CED-50AC-4A39-95BB-98C1BD061938}.Release|Any CPU.ActiveCfg = Release|Any CPU
		{CD531CED-50AC-4A39-95BB-98C1BD061938}.Release|Any CPU.Build.0 = Release|Any CPU
		{164D393B-57BF-464E-B0B2-5B024E20A158}.Debug|Any CPU.ActiveCfg = Debug|Any CPU
		{164D393B-57BF-464E-B0B2-5B024E20A158}.Debug|Any CPU.Build.0 = Debug|Any CPU
		{164D393B-57BF-464E-B0B2-5B024E20A158}.Release|Any CPU.ActiveCfg = Release|Any CPU
		{164D393B-57BF-464E-B0B2-5B024E20A158}.Release|Any CPU.Build.0 = Release|Any CPU
		{92BDF44D-7120-4F40-BAC4-C151C2AA9C41}.Debug|Any CPU.ActiveCfg = Debug|Any CPU
		{92BDF44D-7120-4F40-BAC4-C151C2AA9C41}.Debug|Any CPU.Build.0 = Debug|Any CPU
		{92BDF44D-7120-4F40-BAC4-C151C2AA9C41}.Release|Any CPU.ActiveCfg = Release|Any CPU
		{92BDF44D-7120-4F40-BAC4-C151C2AA9C41}.Release|Any CPU.Build.0 = Release|Any CPU
		{A1C99A5E-39A2-4C02-9E11-1EFF5E6987FB}.Debug|Any CPU.ActiveCfg = Debug|Any CPU
		{A1C99A5E-39A2-4C02-9E11-1EFF5E6987FB}.Debug|Any CPU.Build.0 = Debug|Any CPU
		{A1C99A5E-39A2-4C02-9E11-1EFF5E6987FB}.Release|Any CPU.ActiveCfg = Release|Any CPU
		{A1C99A5E-39A2-4C02-9E11-1EFF5E6987FB}.Release|Any CPU.Build.0 = Release|Any CPU
		{8C701A24-3C5C-4657-B2FE-28B922ECE5C2}.Debug|Any CPU.ActiveCfg = Debug|Any CPU
		{8C701A24-3C5C-4657-B2FE-28B922ECE5C2}.Debug|Any CPU.Build.0 = Debug|Any CPU
		{8C701A24-3C5C-4657-B2FE-28B922ECE5C2}.Release|Any CPU.ActiveCfg = Release|Any CPU
		{8C701A24-3C5C-4657-B2FE-28B922ECE5C2}.Release|Any CPU.Build.0 = Release|Any CPU
		{E0610382-5E0A-4785-AD4E-B8FB245829A1}.Debug|Any CPU.ActiveCfg = Debug|Any CPU
		{E0610382-5E0A-4785-AD4E-B8FB245829A1}.Debug|Any CPU.Build.0 = Debug|Any CPU
		{E0610382-5E0A-4785-AD4E-B8FB245829A1}.Release|Any CPU.ActiveCfg = Release|Any CPU
		{E0610382-5E0A-4785-AD4E-B8FB245829A1}.Release|Any CPU.Build.0 = Release|Any CPU
		{FFBE5364-9046-413A-A247-1F511D41E201}.Debug|Any CPU.ActiveCfg = Debug|Any CPU
		{FFBE5364-9046-413A-A247-1F511D41E201}.Debug|Any CPU.Build.0 = Debug|Any CPU
		{FFBE5364-9046-413A-A247-1F511D41E201}.Release|Any CPU.ActiveCfg = Release|Any CPU
		{FFBE5364-9046-413A-A247-1F511D41E201}.Release|Any CPU.Build.0 = Release|Any CPU
		{EFCA523B-A93E-4AF2-87EB-D226E5438558}.Debug|Any CPU.ActiveCfg = Debug|Any CPU
		{EFCA523B-A93E-4AF2-87EB-D226E5438558}.Debug|Any CPU.Build.0 = Debug|Any CPU
		{EFCA523B-A93E-4AF2-87EB-D226E5438558}.Release|Any CPU.ActiveCfg = Release|Any CPU
		{EFCA523B-A93E-4AF2-87EB-D226E5438558}.Release|Any CPU.Build.0 = Release|Any CPU
		{5642CDC4-0983-4D0F-A272-49D354A42F3F}.Debug|Any CPU.ActiveCfg = Debug|Any CPU
		{5642CDC4-0983-4D0F-A272-49D354A42F3F}.Debug|Any CPU.Build.0 = Debug|Any CPU
		{5642CDC4-0983-4D0F-A272-49D354A42F3F}.Release|Any CPU.ActiveCfg = Release|Any CPU
		{5642CDC4-0983-4D0F-A272-49D354A42F3F}.Release|Any CPU.Build.0 = Release|Any CPU
		{8F6E7225-1899-458B-9C7F-C47005ECBEDF}.Debug|Any CPU.ActiveCfg = Debug|Any CPU
		{8F6E7225-1899-458B-9C7F-C47005ECBEDF}.Debug|Any CPU.Build.0 = Debug|Any CPU
		{8F6E7225-1899-458B-9C7F-C47005ECBEDF}.Release|Any CPU.ActiveCfg = Release|Any CPU
		{8F6E7225-1899-458B-9C7F-C47005ECBEDF}.Release|Any CPU.Build.0 = Release|Any CPU
		{2385A3E5-0B30-418D-B7C1-1B03273BB9DC}.Debug|Any CPU.ActiveCfg = Debug|Any CPU
		{2385A3E5-0B30-418D-B7C1-1B03273BB9DC}.Debug|Any CPU.Build.0 = Debug|Any CPU
		{2385A3E5-0B30-418D-B7C1-1B03273BB9DC}.Release|Any CPU.ActiveCfg = Release|Any CPU
		{2385A3E5-0B30-418D-B7C1-1B03273BB9DC}.Release|Any CPU.Build.0 = Release|Any CPU
		{6F8E09EC-291E-474E-ADBB-4E08345A66CD}.Debug|Any CPU.ActiveCfg = Debug|Any CPU
		{6F8E09EC-291E-474E-ADBB-4E08345A66CD}.Debug|Any CPU.Build.0 = Debug|Any CPU
		{6F8E09EC-291E-474E-ADBB-4E08345A66CD}.Release|Any CPU.ActiveCfg = Release|Any CPU
		{6F8E09EC-291E-474E-ADBB-4E08345A66CD}.Release|Any CPU.Build.0 = Release|Any CPU
		{96E97210-0219-4919-BEF4-8DA695A1B520}.Debug|Any CPU.ActiveCfg = Debug|Any CPU
		{96E97210-0219-4919-BEF4-8DA695A1B520}.Debug|Any CPU.Build.0 = Debug|Any CPU
		{96E97210-0219-4919-BEF4-8DA695A1B520}.Release|Any CPU.ActiveCfg = Release|Any CPU
		{96E97210-0219-4919-BEF4-8DA695A1B520}.Release|Any CPU.Build.0 = Release|Any CPU
		{1B3A38CA-825C-4920-8E19-0E5E8C6D55BA}.Debug|Any CPU.ActiveCfg = Debug|Any CPU
		{1B3A38CA-825C-4920-8E19-0E5E8C6D55BA}.Debug|Any CPU.Build.0 = Debug|Any CPU
		{1B3A38CA-825C-4920-8E19-0E5E8C6D55BA}.Release|Any CPU.ActiveCfg = Release|Any CPU
		{1B3A38CA-825C-4920-8E19-0E5E8C6D55BA}.Release|Any CPU.Build.0 = Release|Any CPU
	EndGlobalSection
EndGlobal
